
Microsoft Visual Studio Solution File, Format Version 12.00
# Visual Studio Version 17
VisualStudioVersion = 17.2.32519.379
MinimumVisualStudioVersion = 10.0.40219.1
Project("{FAE04EC0-301F-11D3-BF4B-00C04F79EFBC}") = "DeviceReader", "DeviceReader\DeviceReader.csproj", "{7E6429FB-06A5-456C-8B86-A77EFA5CA8EA}"
EndProject
Global
	GlobalSection(SolutionConfigurationPlatforms) = preSolution
		Debug|Any CPU = Debug|Any CPU
		Release|Any CPU = Release|Any CPU
	EndGlobalSection
	GlobalSection(ProjectConfigurationPlatforms) = postSolution
		{7E6429FB-06A5-456C-8B86-A77EFA5CA8EA}.Debug|Any CPU.ActiveCfg = Debug|Any CPU
		{7E6429FB-06A5-456C-8B86-A77EFA5CA8EA}.Debug|Any CPU.Build.0 = Debug|Any CPU
		{7E6429FB-06A5-456C-8B86-A77EFA5CA8EA}.Release|Any CPU.ActiveCfg = Release|Any CPU
		{7E6429FB-06A5-456C-8B86-A77EFA5CA8EA}.Release|Any CPU.Build.0 = Release|Any CPU
	EndGlobalSection
	GlobalSection(SolutionProperties) = preSolution
		HideSolutionNode = FALSE
	EndGlobalSection
	GlobalSection(ExtensibilityGlobals) = postSolution
		SolutionGuid = {2517C71E-454F-41E5-A703-98AA894FDDB6}
	EndGlobalSection
EndGlobal
